{
  "name": "mmu-simulator",
  "lockfileVersion": 2,
  "requires": true,
  "packages": {
    "": {
      "dependencies": {
        "@types/asciichart": "^1.5.6",
        "asciichart": "^1.5.25"
      },
      "devDependencies": {
        "@types/node": "^18.11.9"
      }
    },
    "node_modules/@types/asciichart": {
      "version": "1.5.6",
      "resolved": "https://registry.npmjs.org/@types/asciichart/-/asciichart-1.5.6.tgz",
      "integrity": "sha512-GXq4BojlHJHRlizP9zXQfhgMbAy+kmyMyfV9P6vyYxUE302Km8GU0ebToQ1YVlGlFypVOYWNxqEWWLQW0HzFgA=="
    },
    "node_modules/@types/node": {
      "version": "18.11.9",
      "resolved": "https://registry.npmjs.org/@types/node/-/node-18.11.9.tgz",
      "integrity": "sha512-CRpX21/kGdzjOpFsZSkcrXMGIBWMGNIHXXBVFSH+ggkftxg+XYP20TESbh+zFvFj3EQOl5byk0HTRn1IL6hbqg==",
      "dev": true
    },
    "node_modules/asciichart": {
      "version": "1.5.25",
      "resolved": "https://registry.npmjs.org/asciichart/-/asciichart-1.5.25.tgz",
      "integrity": "sha512-PNxzXIPPOtWq8T7bgzBtk9cI2lgS4SJZthUHEiQ1aoIc3lNzGfUvIvo9LiAnq26TACo9t1/4qP6KTGAUbzX9Xg=="
    }
  },
  "dependencies": {
    "@types/asciichart": {
      "version": "1.5.6",
      "resolved": "https://registry.npmjs.org/@types/asciichart/-/asciichart-1.5.6.tgz",
      "integrity": "sha512-GXq4BojlHJHRlizP9zXQfhgMbAy+kmyMyfV9P6vyYxUE302Km8GU0ebToQ1YVlGlFypVOYWNxqEWWLQW0HzFgA=="
    },
    "@types/node": {
      "version": "18.11.9",
      "resolved": "https://registry.npmjs.org/@types/node/-/node-18.11.9.tgz",
      "integrity": "sha512-CRpX21/kGdzjOpFsZSkcrXMGIBWMGNIHXXBVFSH+ggkftxg+XYP20TESbh+zFvFj3EQOl5byk0HTRn1IL6hbqg==",
      "dev": true
    },
    "asciichart": {
      "version": "1.5.25",
      "resolved": "https://registry.npmjs.org/asciichart/-/asciichart-1.5.25.tgz",
      "integrity": "sha512-PNxzXIPPOtWq8T7bgzBtk9cI2lgS4SJZthUHEiQ1aoIc3lNzGfUvIvo9LiAnq26TACo9t1/4qP6KTGAUbzX9Xg=="
    }
  }
}
